// !$*UTF8*$!
{
	archiveVersion = 1;
	classes = {
	};
	objectVersion = 77;
	objects = {

/* Begin PBXBuildFile section */
		BCF932E82F2165A0004108C2 /* FirebaseAuth in Frameworks */ = {isa = PBXBuildFile; productRef = BCF932E72F2165A0004108C2 /* FirebaseAuth */; };
		BCF932EA2F2165A0004108C2 /* FirebaseCore in Frameworks */ = {isa = PBXBuildFile; productRef = BCF932E92F2165A0004108C2 /* FirebaseCore */; };
/* End PBXBuildFile section */

/* Begin PBXContainerItemProxy section */
		BC2AE6062F20012400AB9B0A /* PBXContainerItemProxy */ = {
			isa = PBXContainerItemProxy;
			containerPortal = BC2AE5F02F20012100AB9B0A /* Project object */;
			proxyType = 1;
			remoteGlobalIDString = BC2AE5F72F20012100AB9B0A;
			remoteInfo = Psychly;
		};
		BC2AE6102F20012400AB9B0A /* PBXContainerItemProxy */ = {
			isa = PBXContainerItemProxy;
			containerPortal = BC2AE5F02F20012100AB9B0A /* Project object */;
			proxyType = 1;
			remoteGlobalIDString = BC2AE5F72F20012100AB9B0A;
			remoteInfo = Psychly;
		};
/* End PBXContainerItemProxy section */

/* Begin PBXFileReference section */
		BC2AE5F82F20012100AB9B0A /* Psychly.app */ = {isa = PBXFileReference; explicitFileType = wrapper.application; includeInIndex = 0; path = Psychly.app; sourceTree = BUILT_PRODUCTS_DIR; };
		BC2AE6052F20012400AB9B0A /* PsychlyTests.xctest */ = {isa = PBXFileReference; explicitFileType = wrapper.cfbundle; includeInIndex = 0; path = PsychlyTests.xctest; sourceTree = BUILT_PRODUCTS_DIR; };
		BC2AE60F2F20012400AB9B0A /* PsychlyUITests.xctest */ = {isa = PBXFileReference; explicitFileType = wrapper.cfbundle; includeInIndex = 0; path = PsychlyUITests.xctest; sourceTree = BUILT_PRODUCTS_DIR; };
/* End PBXFileReference section */

/* Begin PBXFileSystemSynchronizedRootGroup section */
		BC2AE5FA2F20012100AB9B0A /* Psychly */ = {
			isa = PBXFileSystemSynchronizedRootGroup;
			path = Psychly;
			sourceTree = "<group>";
		};
		BC2AE6082F20012400AB9B0A /* PsychlyTests */ = {
			isa = PBXFileSystemSynchronizedRootGroup;
			path = PsychlyTests;
			sourceTree = "<group>";
		};
		BC2AE6122F20012400AB9B0A /* PsychlyUITests */ = {
			isa = PBXFileSystemSynchronizedRootGroup;
			path = PsychlyUITests;
			sourceTree = "<group>";
		};
/* End PBXFileSystemSynchronizedRootGroup section */

/* Begin PBXFrameworksBuildPhase section */
		BC2AE5F52F20012100AB9B0A /* Frameworks */ = {
			isa = PBXFrameworksBuildPhase;
			buildActionMask = 2147483647;
			files = (
				BCF932EA2F2165A0004108C2 /* FirebaseCore in Frameworks */,
				BCF932E82F2165A0004108C2 /* FirebaseAuth in Frameworks */,
			);
			runOnlyForDeploymentPostprocessing = 0;
		};
		BC2AE6022F20012400AB9B0A /* Frameworks */ = {
			isa = PBXFrameworksBuildPhase;
			buildActionMask = 2147483647;
			files = (
			);
			runOnlyForDeploymentPostprocessing = 0;
		};
		BC2AE60C2F20012400AB9B0A /* Frameworks */ = {
			isa = PBXFrameworksBuildPhase;
			buildActionMask = 2147483647;
			files = (
			);
			runOnlyForDeploymentPostprocessing = 0;
		};
/* End PBXFrameworksBuildPhase section */

/* Begin PBXGroup section */
		BC2AE5EF2F20012100AB9B0A = {
			isa = PBXGroup;
			children = (
				BC2AE5FA2F20012100AB9B0A /* Psychly */,
				BC2AE6082F20012400AB9B0A /* PsychlyTests */,
				BC2AE6122F20012400AB9B0A /* PsychlyUITests */,
				BC2AE5F92F20012100AB9B0A /* Products */,
			);
			sourceTree = "<group>";
		};
		BC2AE5F92F20012100AB9B0A /* Products */ = {
			isa = PBXGroup;
			children = (
				BC2AE5F82F20012100AB9B0A /* Psychly.app */,
				BC2AE6052F20012400AB9B0A /* PsychlyTests.xctest */,
				BC2AE60F2F20012400AB9B0A /* PsychlyUITests.xctest */,
			);
			name = Products;
			sourceTree = "<group>";
		};
/* End PBXGroup section */

/* Begin PBXNativeTarget section */
		BC2AE5F72F20012100AB9B0A /* Psychly */ = {
			isa = PBXNativeTarget;
			buildConfigurationList = BC2AE6192F20012400AB9B0A /* Build configuration list for PBXNativeTarget "Psychly" */;
			buildPhases = (
				BC2AE5F42F20012100AB9B0A /* Sources */,
				BC2AE5F52F20012100AB9B0A /* Frameworks */,
				BC2AE5F62F20012100AB9B0A /* Resources */,
			);
			buildRules = (
			);
			dependencies = (
			);
			fileSystemSynchronizedGroups = (
				BC2AE5FA2F20012100AB9B0A /* Psychly */,
			);
			name = Psychly;
			packageProductDependencies = (
				BCF932E72F2165A0004108C2 /* FirebaseAuth */,
				BCF932E92F2165A0004108C2 /* FirebaseCore */,
			);
			productName = Psychly;
			productReference = BC2AE5F82F20012100AB9B0A /* Psychly.app */;
			productType = "com.apple.product-type.application";
		};
		BC2AE6042F20012400AB9B0A /* PsychlyTests */ = {
			isa = PBXNativeTarget;
			buildConfigurationList = BC2AE61C2F20012400AB9B0A /* Build configuration list for PBXNativeTarget "PsychlyTests" */;
			buildPhases = (
				BC2AE6012F20012400AB9B0A /* Sources */,
				BC2AE6022F20012400AB9B0A /* Frameworks */,
				BC2AE6032F20012400AB9B0A /* Resources */,
			);
			buildRules = (
			);
			dependencies = (
				BC2AE6072F20012400AB9B0A /* PBXTargetDependency */,
			);
			fileSystemSynchronizedGroups = (
				BC2AE6082F20012400AB9B0A /* PsychlyTests */,
			);
			name = PsychlyTests;
			packageProductDependencies = (
			);
			productName = PsychlyTests;
			productReference = BC2AE6052F20012400AB9B0A /* PsychlyTests.xctest */;
			productType = "com.apple.product-type.bundle.unit-test";
		};
		BC2AE60E2F20012400AB9B0A /* PsychlyUITests */ = {
			isa = PBXNativeTarget;
			buildConfigurationList = BC2AE61F2F20012400AB9B0A /* Build configuration list for PBXNativeTarget "PsychlyUITests" */;
			buildPhases = (
				BC2AE60B2F20012400AB9B0A /* Sources */,
				BC2AE60C2F20012400AB9B0A /* Frameworks */,
				BC2AE60D2F20012400AB9B0A /* Resources */,
			);
			buildRules = (
			);
			dependencies = (
				BC2AE6112F20012400AB9B0A /* PBXTargetDependency */,
			);
			fileSystemSynchronizedGroups = (
				BC2AE6122F20012400AB9B0A /* PsychlyUITests */,
			);
			name = PsychlyUITests;
			packageProductDependencies = (
			);
			productName = PsychlyUITests;
			productReference = BC2AE60F2F20012400AB9B0A /* PsychlyUITests.xctest */;
			productType = "com.apple.product-type.bundle.ui-testing";
		};
/* End PBXNativeTarget section */

/* Begin PBXProject section */
		BC2AE5F02F20012100AB9B0A /* Project object */ = {
			isa = PBXProject;
			attributes = {
				BuildIndependentTargetsInParallel = 1;
				LastSwiftUpdateCheck = 1640;
				LastUpgradeCheck = 1640;
				TargetAttributes = {
					BC2AE5F72F20012100AB9B0A = {
						CreatedOnToolsVersion = 16.4;
					};
					BC2AE6042F20012400AB9B0A = {
						CreatedOnToolsVersion = 16.4;
						TestTargetID = BC2AE5F72F20012100AB9B0A;
					};
					BC2AE60E2F20012400AB9B0A = {
						CreatedOnToolsVersion = 16.4;
						TestTargetID = BC2AE5F72F20012100AB9B0A;
					};
				};
			};
			buildConfigurationList = BC2AE5F32F20012100AB9B0A /* Build configuration list for PBXProject "Psychly" */;
			developmentRegion = en;
			hasScannedForEncodings = 0;
			knownRegions = (
				en,
				Base,
			);
			mainGroup = BC2AE5EF2F20012100AB9B0A;
			minimizedProjectReferenceProxies = 1;
			packageReferences = (
				BCF932E42F200B6B004108C2 /* XCRemoteSwiftPackageReference "firebase-ios-sdk" */,
			);
			preferredProjectObjectVersion = 77;
			productRefGroup = BC2AE5F92F20012100AB9B0A /* Products */;
			projectDirPath = "";
			projectRoot = "";
			targets = (
				BC2AE5F72F20012100AB9B0A /* Psychly */,
				BC2AE6042F20012400AB9B0A /* PsychlyTests */,
				BC2AE60E2F20012400AB9B0A /* PsychlyUITests */,
			);
		};
/* End PBXProject section */

/* Begin PBXResourcesBuildPhase section */
		BC2AE5F62F20012100AB9B0A /* Resources */ = {
			isa = PBXResourcesBuildPhase;
			buildActionMask = 2147483647;
			files = (
			);
			runOnlyForDeploymentPostprocessing = 0;
		};
		BC2AE6032F20012400AB9B0A /* Resources */ = {
			isa = PBXResourcesBuildPhase;
			buildActionMask = 2147483647;
			files = (
			);
			runOnlyForDeploymentPostprocessing = 0;
		};
		BC2AE60D2F20012400AB9B0A /* Resources */ = {
			isa = PBXResourcesBuildPhase;
			buildActionMask = 2147483647;
			files = (
			);
			runOnlyForDeploymentPostprocessing = 0;
		};
/* End PBXResourcesBuildPhase section */

/* Begin PBXSourcesBuildPhase section */
		BC2AE5F42F20012100AB9B0A /* Sources */ = {
			isa = PBXSourcesBuildPhase;
			buildActionMask = 2147483647;
			files = (
			);
			runOnlyForDeploymentPostprocessing = 0;
		};
		BC2AE6012F20012400AB9B0A /* Sources */ = {
			isa = PBXSourcesBuildPhase;
			buildActionMask = 2147483647;
			files = (
			);
			runOnlyForDeploymentPostprocessing = 0;
		};
		BC2AE60B2F20012400AB9B0A /* Sources */ = {
			isa = PBXSourcesBuildPhase;
			buildActionMask = 2147483647;
			files = (
			);
			runOnlyForDeploymentPostprocessing = 0;
		};
/* End PBXSourcesBuildPhase section */

/* Begin PBXTargetDependency section */
		BC2AE6072F20012400AB9B0A /* PBXTargetDependency */ = {
			isa = PBXTargetDependency;
			target = BC2AE5F72F20012100AB9B0A /* Psychly */;
			targetProxy = BC2AE6062F20012400AB9B0A /* PBXContainerItemProxy */;
		};
		BC2AE6112F20012400AB9B0A /* PBXTargetDependency */ = {
			isa = PBXTargetDependency;
			target = BC2AE5F72F20012100AB9B0A /* Psychly */;
			targetProxy = BC2AE6102F20012400AB9B0A /* PBXContainerItemProxy */;
		};
/* End PBXTargetDependency section */

/* Begin XCBuildConfiguration section */
		BC2AE6172F20012400AB9B0A /* Debug */ = {
			isa = XCBuildConfiguration;
			buildSettings = {
				ALWAYS_SEARCH_USER_PATHS = NO;
				ASSETCATALOG_COMPILER_GENERATE_SWIFT_ASSET_SYMBOL_EXTENSIONS = YES;
				CLANG_ANALYZER_NONNULL = YES;
				CLANG_ANALYZER_NUMBER_OBJECT_CONVERSION = YES_AGGRESSIVE;
				CLANG_CXX_LANGUAGE_STANDARD = "gnu++20";
				CLANG_ENABLE_MODULES = YES;
				CLANG_ENABLE_OBJC_ARC = YES;
				CLANG_ENABLE_OBJC_WEAK = YES;
				CLANG_WARN_BLOCK_CAPTURE_AUTORELEASING = YES;
				CLANG_WARN_BOOL_CONVERSION = YES;
				CLANG_WARN_COMMA = YES;
				CLANG_WARN_CONSTANT_CONVERSION = YES;
				CLANG_WARN_DEPRECATED_OBJC_IMPLEMENTATIONS = YES;
				CLANG_WARN_DIRECT_OBJC_ISA_USAGE = YES_ERROR;
				CLANG_WARN_DOCUMENTATION_COMMENTS = YES;
				CLANG_WARN_EMPTY_BODY = YES;
				CLANG_WARN_ENUM_CONVERSION = YES;
				CLANG_WARN_INFINITE_RECURSION = YES;
				CLANG_WARN_INT_CONVERSION = YES;
				CLANG_WARN_NON_LITERAL_NULL_CONVERSION = YES;
				CLANG_WARN_OBJC_IMPLICIT_RETAIN_SELF = YES;
				CLANG_WARN_OBJC_LITERAL_CONVERSION = YES;
				CLANG_WARN_OBJC_ROOT_CLASS = YES_ERROR;
				CLANG_WARN_QUOTED_INCLUDE_IN_FRAMEWORK_HEADER = YES;
				CLANG_WARN_RANGE_LOOP_ANALYSIS = YES;
				CLANG_WARN_STRICT_PROTOTYPES = YES;
				CLANG_WARN_SUSPICIOUS_MOVE = YES;
				CLANG_WARN_UNGUARDED_AVAILABILITY = YES_AGGRESSIVE;
				CLANG_WARN_UNREACHABLE_CODE = YES;
				CLANG_WARN__DUPLICATE_METHOD_MATCH = YES;
				COPY_PHASE_STRIP = NO;
				DEBUG_INFORMATION_FORMAT = dwarf;
				DEVELOPMENT_TEAM = QBLGZ24JMA;
				ENABLE_STRICT_OBJC_MSGSEND = YES;
				ENABLE_TESTABILITY = YES;
				ENABLE_USER_SCRIPT_SANDBOXING = YES;
				GCC_C_LANGUAGE_STANDARD = gnu17;
				GCC_DYNAMIC_NO_PIC = NO;
				GCC_NO_COMMON_BLOCKS = YES;
				GCC_OPTIMIZATION_LEVEL = 0;
				GCC_PREPROCESSOR_DEFINITIONS = (
					"DEBUG=1",
					"$(inherited)",
				);
				GCC_WARN_64_TO_32_BIT_CONVERSION = YES;
				GCC_WARN_ABOUT_RETURN_TYPE = YES_ERROR;
				GCC_WARN_UNDECLARED_SELECTOR = YES;
				GCC_WARN_UNINITIALIZED_AUTOS = YES_AGGRESSIVE;
				GCC_WARN_UNUSED_FUNCTION = YES;
				GCC_WARN_UNUSED_VARIABLE = YES;
				IPHONEOS_DEPLOYMENT_TARGET = 18.5;
				LOCALIZATION_PREFERS_STRING_CATALOGS = YES;
				MTL_ENABLE_DEBUG_INFO = INCLUDE_SOURCE;
				MTL_FAST_MATH = YES;
				ONLY_ACTIVE_ARCH = YES;
				SDKROOT = iphoneos;
				SWIFT_ACTIVE_COMPILATION_CONDITIONS = "DEBUG $(inherited)";
				SWIFT_OPTIMIZATION_LEVEL = "-Onone";
			};
			name = Debug;
		};
		BC2AE6182F20012400AB9B0A /* Release */ = {
			isa = XCBuildConfiguration;
			buildSettings = {
				ALWAYS_SEARCH_USER_PATHS = NO;
				ASSETCATALOG_COMPILER_GENERATE_SWIFT_ASSET_SYMBOL_EXTENSIONS = YES;
				CLANG_ANALYZER_NONNULL = YES;
				CLANG_ANALYZER_NUMBER_OBJECT_CONVERSION = YES_AGGRESSIVE;
				CLANG_CXX_LANGUAGE_STANDARD = "gnu++20";
				CLANG_ENABLE_MODULES = YES;
				CLANG_ENABLE_OBJC_ARC = YES;
				CLANG_ENABLE_OBJC_WEAK = YES;
				CLANG_WARN_BLOCK_CAPTURE_AUTORELEASING = YES;
				CLANG_WARN_BOOL_CONVERSION = YES;
				CLANG_WARN_COMMA = YES;
				CLANG_WARN_CONSTANT_CONVERSION = YES;
				CLANG_WARN_DEPRECATED_OBJC_IMPLEMENTATIONS = YES;
				CLANG_WARN_DIRECT_OBJC_ISA_USAGE = YES_ERROR;
				CLANG_WARN_DOCUMENTATION_COMMENTS = YES;
				CLANG_WARN_EMPTY_BODY = YES;
				CLANG_WARN_ENUM_CONVERSION = YES;
				CLANG_WARN_INFINITE_RECURSION = YES;
				CLANG_WARN_INT_CONVERSION = YES;
				CLANG_WARN_NON_LITERAL_NULL_CONVERSION = YES;
				CLANG_WARN_OBJC_IMPLICIT_RETAIN_SELF = YES;
				CLANG_WARN_OBJC_LITERAL_CONVERSION = YES;
				CLANG_WARN_OBJC_ROOT_CLASS = YES_ERROR;
				CLANG_WARN_QUOTED_INCLUDE_IN_FRAMEWORK_HEADER = YES;
				CLANG_WARN_RANGE_LOOP_ANALYSIS = YES;
				CLANG_WARN_STRICT_PROTOTYPES = YES;
				CLANG_WARN_SUSPICIOUS_MOVE = YES;
				CLANG_WARN_UNGUARDED_AVAILABILITY = YES_AGGRESSIVE;
				CLANG_WARN_UNREACHABLE_CODE = YES;
				CLANG_WARN__DUPLICATE_METHOD_MATCH = YES;
				COPY_PHASE_STRIP = NO;
				DEBUG_INFORMATION_FORMAT = "dwarf-with-dsym";
				DEVELOPMENT_TEAM = QBLGZ24JMA;
				ENABLE_NS_ASSERTIONS = NO;
				ENABLE_STRICT_OBJC_MSGSEND = YES;
				ENABLE_USER_SCRIPT_SANDBOXING = YES;
				GCC_C_LANGUAGE_STANDARD = gnu17;
				GCC_NO_COMMON_BLOCKS = YES;
				GCC_WARN_64_TO_32_BIT_CONVERSION = YES;
				GCC_WARN_ABOUT_RETURN_TYPE = YES_ERROR;
				GCC_WARN_UNDECLARED_SELECTOR = YES;
				GCC_WARN_UNINITIALIZED_AUTOS = YES_AGGRESSIVE;
				GCC_WARN_UNUSED_FUNCTION = YES;
				GCC_WARN_UNUSED_VARIABLE = YES;
				IPHONEOS_DEPLOYMENT_TARGET = 18.5;
				LOCALIZATION_PREFERS_STRING_CATALOGS = YES;
				MTL_ENABLE_DEBUG_INFO = NO;
				MTL_FAST_MATH = YES;
				SDKROOT = iphoneos;
				SWIFT_COMPILATION_MODE = wholemodule;
				VALIDATE_PRODUCT = YES;
			};
			name = Release;
		};
		BC2AE61A2F20012400AB9B0A /* Debug */ = {
			isa = XCBuildConfiguration;
			buildSettings = {
				ASSETCATALOG_COMPILER_APPICON_NAME = AppIcon;
				ASSETCATALOG_COMPILER_GLOBAL_ACCENT_COLOR_NAME = AccentColor;
				CODE_SIGN_ENTITLEMENTS = Psychly/Psychly.entitlements;
				CODE_SIGN_STYLE = Automatic;
				CURRENT_PROJECT_VERSION = 1;
				DEVELOPMENT_TEAM = QBLGZ24JMA;
				ENABLE_PREVIEWS = YES;
				GENERATE_INFOPLIST_FILE = YES;
				INFOPLIST_KEY_UIApplicationSceneManifest_Generation = YES;
				INFOPLIST_KEY_UIApplicationSupportsIndirectInputEvents = YES;
				INFOPLIST_KEY_UILaunchScreen_Generation = YES;
				INFOPLIST_KEY_UISupportedInterfaceOrientations_iPad = "UIInterfaceOrientationPortrait UIInterfaceOrientationPortraitUpsideDown UIInterfaceOrientationLandscapeLeft UIInterfaceOrientationLandscapeRight";
				INFOPLIST_KEY_UISupportedInterfaceOrientations_iPhone = "UIInterfaceOrientationPortrait UIInterfaceOrientationLandscapeLeft UIInterfaceOrientationLandscapeRight";
				LD_RUNPATH_SEARCH_PATHS = (
					"$(inherited)",
					"@executable_path/Frameworks",
				);
				MARKETING_VERSION = 1.0;
				PRODUCT_BUNDLE_IDENTIFIER = com.Psychly;
				PRODUCT_NAME = "$(TARGET_NAME)";
				SWIFT_EMIT_LOC_STRINGS = YES;
				SWIFT_VERSION = 5.0;
				TARGETED_DEVICE_FAMILY = "1,2";
			};
			name = Debug;
		};
		BC2AE61B2F20012400AB9B0A /* Release */ = {
			isa = XCBuildConfiguration;
			buildSettings = {
				ASSETCATALOG_COMPILER_APPICON_NAME = AppIcon;
				ASSETCATALOG_COMPILER_GLOBAL_ACCENT_COLOR_NAME = AccentColor;
				CODE_SIGN_ENTITLEMENTS = Psychly/Psychly.entitlements;
				CODE_SIGN_STYLE = Automatic;
				CURRENT_PROJECT_VERSION = 1;
				DEVELOPMENT_TEAM = QBLGZ24JMA;
				ENABLE_PREVIEWS = YES;
				GENERATE_INFOPLIST_FILE = YES;
				INFOPLIST_KEY_UIApplicationSceneManifest_Generation = YES;
				INFOPLIST_KEY_UIApplicationSupportsIndirectInputEvents = YES;
				INFOPLIST_KEY_UILaunchScreen_Generation = YES;
				INFOPLIST_KEY_UISupportedInterfaceOrientations_iPad = "UIInterfaceOrientationPortrait UIInterfaceOrientationPortraitUpsideDown UIInterfaceOrientationLandscapeLeft UIInterfaceOrientationLandscapeRight";
				INFOPLIST_KEY_UISupportedInterfaceOrientations_iPhone = "UIInterfaceOrientationPortrait UIInterfaceOrientationLandscapeLeft UIInterfaceOrientationLandscapeRight";
				LD_RUNPATH_SEARCH_PATHS = (
					"$(inherited)",
					"@executable_path/Frameworks",
				);
				MARKETING_VERSION = 1.0;
				PRODUCT_BUNDLE_IDENTIFIER = com.Psychly;
				PRODUCT_NAME = "$(TARGET_NAME)";
				SWIFT_EMIT_LOC_STRINGS = YES;
				SWIFT_VERSION = 5.0;
				TARGETED_DEVICE_FAMILY = "1,2";
			};
			name = Release;
		};
		BC2AE61D2F20012400AB9B0A /* Debug */ = {
			isa = XCBuildConfiguration;
			buildSettings = {
				BUNDLE_LOADER = "$(TEST_HOST)";
				CODE_SIGN_STYLE = Automatic;
				CURRENT_PROJECT_VERSION = 1;
				DEVELOPMENT_TEAM = QBLGZ24JMA;
				GENERATE_INFOPLIST_FILE = YES;
				IPHONEOS_DEPLOYMENT_TARGET = 18.5;
				MARKETING_VERSION = 1.0;
				PRODUCT_BUNDLE_IDENTIFIER = com.PsychlyTests;
				PRODUCT_NAME = "$(TARGET_NAME)";
				SWIFT_EMIT_LOC_STRINGS = NO;
				SWIFT_VERSION = 5.0;
				TARGETED_DEVICE_FAMILY = "1,2";
				TEST_HOST = "$(BUILT_PRODUCTS_DIR)/Psychly.app/$(BUNDLE_EXECUTABLE_FOLDER_PATH)/Psychly";
			};
			name = Debug;
		};
		BC2AE61E2F20012400AB9B0A /* Release */ = {
			isa = XCBuildConfiguration;
			buildSettings = {
				BUNDLE_LOADER = "$(TEST_HOST)";
				CODE_SIGN_STYLE = Automatic;
				CURRENT_PROJECT_VERSION = 1;
				DEVELOPMENT_TEAM = QBLGZ24JMA;
				GENERATE_INFOPLIST_FILE = YES;
				IPHONEOS_DEPLOYMENT_TARGET = 18.5;
				MARKETING_VERSION = 1.0;
				PRODUCT_BUNDLE_IDENTIFIER = com.PsychlyTests;
				PRODUCT_NAME = "$(TARGET_NAME)";
				SWIFT_EMIT_LOC_STRINGS = NO;
				SWIFT_VERSION = 5.0;
				TARGETED_DEVICE_FAMILY = "1,2";
				TEST_HOST = "$(BUILT_PRODUCTS_DIR)/Psychly.app/$(BUNDLE_EXECUTABLE_FOLDER_PATH)/Psychly";
			};
			name = Release;
		};
		BC2AE6202F20012400AB9B0A /* Debug */ = {
			isa = XCBuildConfiguration;
			buildSettings = {
				CODE_SIGN_STYLE = Automatic;
				CURRENT_PROJECT_VERSION = 1;
				DEVELOPMENT_TEAM = QBLGZ24JMA;
				GENERATE_INFOPLIST_FILE = YES;
				MARKETING_VERSION = 1.0;
				PRODUCT_BUNDLE_IDENTIFIER = com.PsychlyUITests;
				PRODUCT_NAME = "$(TARGET_NAME)";
				SWIFT_EMIT_LOC_STRINGS = NO;
				SWIFT_VERSION = 5.0;
				TARGETED_DEVICE_FAMILY = "1,2";
				TEST_TARGET_NAME = Psychly;
			};
			name = Debug;
		};
		BC2AE6212F20012400AB9B0A /* Release */ = {
			isa = XCBuildConfiguration;
			buildSettings = {
				CODE_SIGN_STYLE = Automatic;
				CURRENT_PROJECT_VERSION = 1;
				DEVELOPMENT_TEAM = QBLGZ24JMA;
				GENERATE_INFOPLIST_FILE = YES;
				MARKETING_VERSION = 1.0;
				PRODUCT_BUNDLE_IDENTIFIER = com.PsychlyUITests;
				PRODUCT_NAME = "$(TARGET_NAME)";
				SWIFT_EMIT_LOC_STRINGS = NO;
				SWIFT_VERSION = 5.0;
				TARGETED_DEVICE_FAMILY = "1,2";
				TEST_TARGET_NAME = Psychly;
			};
			name = Release;
		};
/* End XCBuildConfiguration section */

/* Begin XCConfigurationList section */
		BC2AE5F32F20012100AB9B0A /* Build configuration list for PBXProject "Psychly" */ = {
			isa = XCConfigurationList;
			buildConfigurations = (
				BC2AE6172F20012400AB9B0A /* Debug */,
				BC2AE6182F20012400AB9B0A /* Release */,
			);
			defaultConfigurationIsVisible = 0;
			defaultConfigurationName = Release;
		};
		BC2AE6192F20012400AB9B0A /* Build configuration list for PBXNativeTarget "Psychly" */ = {
			isa = XCConfigurationList;
			buildConfigurations = (
				BC2AE61A2F20012400AB9B0A /* Debug */,
				BC2AE61B2F20012400AB9B0A /* Release */,
			);
			defaultConfigurationIsVisible = 0;
			defaultConfigurationName = Release;
		};
		BC2AE61C2F20012400AB9B0A /* Build configuration list for PBXNativeTarget "PsychlyTests" */ = {
			isa = XCConfigurationList;
			buildConfigurations = (
				BC2AE61D2F20012400AB9B0A /* Debug */,
				BC2AE61E2F20012400AB9B0A /* Release */,
			);
			defaultConfigurationIsVisible = 0;
			defaultConfigurationName = Release;
		};
		BC2AE61F2F20012400AB9B0A /* Build configuration list for PBXNativeTarget "PsychlyUITests" */ = {
			isa = XCConfigurationList;
			buildConfigurations = (
				BC2AE6202F20012400AB9B0A /* Debug */,
				BC2AE6212F20012400AB9B0A /* Release */,
			);
			defaultConfigurationIsVisible = 0;
			defaultConfigurationName = Release;
		};
/* End XCConfigurationList section */

/* Begin XCRemoteSwiftPackageReference section */
		BCF932E42F200B6B004108C2 /* XCRemoteSwiftPackageReference "firebase-ios-sdk" */ = {
			isa = XCRemoteSwiftPackageReference;
			repositoryURL = "https://github.com/firebase/firebase-ios-sdk";
			requirement = {
				kind = upToNextMajorVersion;
				minimumVersion = 12.8.0;
			};
		};
/* End XCRemoteSwiftPackageReference section */

/* Begin XCSwiftPackageProductDependency section */
		BCF932E72F2165A0004108C2 /* FirebaseAuth */ = {
			isa = XCSwiftPackageProductDependency;
			package = BCF932E42F200B6B004108C2 /* XCRemoteSwiftPackageReference "firebase-ios-sdk" */;
			productName = FirebaseAuth;
		};
		BCF932E92F2165A0004108C2 /* FirebaseCore */ = {
			isa = XCSwiftPackageProductDependency;
			package = BCF932E42F200B6B004108C2 /* XCRemoteSwiftPackageReference "firebase-ios-sdk" */;
			productName = FirebaseCore;
		};
/* End XCSwiftPackageProductDependency section */
	};
	rootObject = BC2AE5F02F20012100AB9B0A /* Project object */;
}
